
Microsoft Visual Studio Solution File, Format Version 12.00
# Visual Studio Version 17
VisualStudioVersion = 17.12.35707.178
MinimumVisualStudioVersion = 10.0.40219.1
Project("{FAE04EC0-301F-11D3-BF4B-00C04F79EFBC}") = "VisualVisioCopilotLight", "VisualVisioCopilotLight\VisualVisioCopilotLight.csproj", "{6853EE52-4514-46E9-904C-6EE644C09629}"
EndProject
Project("{B7DD6F7E-DEF8-4E67-B5B7-07EF123DB6F0}") = "SetUp", "SetUp\SetUp.wixproj", "{DAEAB5AA-F18A-4B36-AD45-509C01710F91}"
EndProject
Global
	GlobalSection(SolutionConfigurationPlatforms) = preSolution
		Debug|Any CPU = Debug|Any CPU
		Debug|ARM64 = Debug|ARM64
		Debug|x64 = Debug|x64
		Debug|x86 = Debug|x86
		Release|Any CPU = Release|Any CPU
		Release|ARM64 = Release|ARM64
		Release|x64 = Release|x64
		Release|x86 = Release|x86
	EndGlobalSection
	GlobalSection(ProjectConfigurationPlatforms) = postSolution
		{6853EE52-4514-46E9-904C-6EE644C09629}.Debug|Any CPU.ActiveCfg = Debug|Any CPU
		{6853EE52-4514-46E9-904C-6EE644C09629}.Debug|Any CPU.Build.0 = Debug|Any CPU
		{6853EE52-4514-46E9-904C-6EE644C09629}.Debug|ARM64.ActiveCfg = Debug|Any CPU
		{6853EE52-4514-46E9-904C-6EE644C09629}.Debug|ARM64.Build.0 = Debug|Any CPU
		{6853EE52-4514-46E9-904C-6EE644C09629}.Debug|x64.ActiveCfg = Debug|Any CPU
		{6853EE52-4514-46E9-904C-6EE644C09629}.Debug|x64.Build.0 = Debug|Any CPU
		{6853EE52-4514-46E9-904C-6EE644C09629}.Debug|x86.ActiveCfg = Debug|x86
		{6853EE52-4514-46E9-904C-6EE644C09629}.Debug|x86.Build.0 = Debug|x86
		{6853EE52-4514-46E9-904C-6EE644C09629}.Release|Any CPU.ActiveCfg = Release|Any CPU
		{6853EE52-4514-46E9-904C-6EE644C09629}.Release|Any CPU.Build.0 = Release|Any CPU
		{6853EE52-4514-46E9-904C-6EE644C09629}.Release|ARM64.ActiveCfg = Release|Any CPU
		{6853EE52-4514-46E9-904C-6EE644C09629}.Release|ARM64.Build.0 = Release|Any CPU
		{6853EE52-4514-46E9-904C-6EE644C09629}.Release|x64.ActiveCfg = Release|Any CPU
		{6853EE52-4514-46E9-904C-6EE644C09629}.Release|x64.Build.0 = Release|Any CPU
		{6853EE52-4514-46E9-904C-6EE644C09629}.Release|x86.ActiveCfg = Release|Any CPU
		{6853EE52-4514-46E9-904C-6EE644C09629}.Release|x86.Build.0 = Release|Any CPU
		{DAEAB5AA-F18A-4B36-AD45-509C01710F91}.Debug|Any CPU.ActiveCfg = Debug|x64
		{DAEAB5AA-F18A-4B36-AD45-509C01710F91}.Debug|Any CPU.Build.0 = Debug|x64
		{DAEAB5AA-F18A-4B36-AD45-509C01710F91}.Debug|ARM64.ActiveCfg = Debug|ARM64
		{DAEAB5AA-F18A-4B36-AD45-509C01710F91}.Debug|ARM64.Build.0 = Debug|ARM64
		{DAEAB5AA-F18A-4B36-AD45-509C01710F91}.Debug|x64.ActiveCfg = Debug|x64
		{DAEAB5AA-F18A-4B36-AD45-509C01710F91}.Debug|x64.Build.0 = Debug|x64
		{DAEAB5AA-F18A-4B36-AD45-509C01710F91}.Debug|x86.ActiveCfg = Debug|x86
		{DAEAB5AA-F18A-4B36-AD45-509C01710F91}.Debug|x86.Build.0 = Debug|x86
		{DAEAB5AA-F18A-4B36-AD45-509C01710F91}.Release|Any CPU.ActiveCfg = Release|x64
		{DAEAB5AA-F18A-4B36-AD45-509C01710F91}.Release|Any CPU.Build.0 = Release|x64
		{DAEAB5AA-F18A-4B36-AD45-509C01710F91}.Release|ARM64.ActiveCfg = Release|ARM64
		{DAEAB5AA-F18A-4B36-AD45-509C01710F91}.Release|ARM64.Build.0 = Release|ARM64
		{DAEAB5AA-F18A-4B36-AD45-509C01710F91}.Release|x64.ActiveCfg = Release|x64
		{DAEAB5AA-F18A-4B36-AD45-509C01710F91}.Release|x64.Build.0 = Release|x64
		{DAEAB5AA-F18A-4B36-AD45-509C01710F91}.Release|x86.ActiveCfg = Release|x86
		{DAEAB5AA-F18A-4B36-AD45-509C01710F91}.Release|x86.Build.0 = Release|x86
	EndGlobalSection
	GlobalSection(SolutionProperties) = preSolution
		HideSolutionNode = FALSE
	EndGlobalSection
	GlobalSection(ExtensibilityGlobals) = postSolution
		SolutionGuid = {42262994-9C5B-48C0-A849-7DAFBF4927D5}
	EndGlobalSection
EndGlobal
